// !$*UTF8*$!
{
	archiveVersion = 1;
	classes = {
	};
	objectVersion = 46;
	objects = {

/* Begin PBXBuildFile section */
		B79482271CB0BB1500F0B81B /* playingCardGameViewController.m in Sources */ = {isa = PBXBuildFile; fileRef = B79482261CB0BB1500F0B81B /* playingCardGameViewController.m */; };
		B794EFA41CABA261007C9B20 /* cardMatchingGame.m in Sources */ = {isa = PBXBuildFile; fileRef = B794EFA31CABA261007C9B20 /* cardMatchingGame.m */; };
		B7988FAD1CAA56CF00CF1B79 /* Foundation.framework in Frameworks */ = {isa = PBXBuildFile; fileRef = B7988FAC1CAA56CF00CF1B79 /* Foundation.framework */; };
		B7988FAF1CAA56CF00CF1B79 /* CoreGraphics.framework in Frameworks */ = {isa = PBXBuildFile; fileRef = B7988FAE1CAA56CF00CF1B79 /* CoreGraphics.framework */; };
		B7988FB11CAA56CF00CF1B79 /* UIKit.framework in Frameworks */ = {isa = PBXBuildFile; fileRef = B7988FB01CAA56CF00CF1B79 /* UIKit.framework */; };
		B7988FB71CAA56CF00CF1B79 /* InfoPlist.strings in Resources */ = {isa = PBXBuildFile; fileRef = B7988FB51CAA56CF00CF1B79 /* InfoPlist.strings */; };
		B7988FB91CAA56CF00CF1B79 /* main.m in Sources */ = {isa = PBXBuildFile; fileRef = B7988FB81CAA56CF00CF1B79 /* main.m */; };
		B7988FBD1CAA56CF00CF1B79 /* cardGameAppDelegate.m in Sources */ = {isa = PBXBuildFile; fileRef = B7988FBC1CAA56CF00CF1B79 /* cardGameAppDelegate.m */; };
		B7988FC01CAA56CF00CF1B79 /* Main.storyboard in Resources */ = {isa = PBXBuildFile; fileRef = B7988FBE1CAA56CF00CF1B79 /* Main.storyboard */; };
		B7988FC31CAA56CF00CF1B79 /* cardGameViewController.m in Sources */ = {isa = PBXBuildFile; fileRef = B7988FC21CAA56CF00CF1B79 /* cardGameViewController.m */; };
		B7988FC51CAA56CF00CF1B79 /* Images.xcassets in Resources */ = {isa = PBXBuildFile; fileRef = B7988FC41CAA56CF00CF1B79 /* Images.xcassets */; };
		B7988FCC1CAA56CF00CF1B79 /* XCTest.framework in Frameworks */ = {isa = PBXBuildFile; fileRef = B7988FCB1CAA56CF00CF1B79 /* XCTest.framework */; };
		B7988FCD1CAA56CF00CF1B79 /* Foundation.framework in Frameworks */ = {isa = PBXBuildFile; fileRef = B7988FAC1CAA56CF00CF1B79 /* Foundation.framework */; };
		B7988FCE1CAA56CF00CF1B79 /* UIKit.framework in Frameworks */ = {isa = PBXBuildFile; fileRef = B7988FB01CAA56CF00CF1B79 /* UIKit.framework */; };
		B7988FD61CAA56CF00CF1B79 /* InfoPlist.strings in Resources */ = {isa = PBXBuildFile; fileRef = B7988FD41CAA56CF00CF1B79 /* InfoPlist.strings */; };
		B7988FD81CAA56CF00CF1B79 /* cardGameTests.m in Sources */ = {isa = PBXBuildFile; fileRef = B7988FD71CAA56CF00CF1B79 /* cardGameTests.m */; };
		B7988FE31CAA623300CF1B79 /* Card.m in Sources */ = {isa = PBXBuildFile; fileRef = B7988FE21CAA623300CF1B79 /* Card.m */; };
		B7988FEA1CAA7A2A00CF1B79 /* Deck.m in Sources */ = {isa = PBXBuildFile; fileRef = B7988FE91CAA7A2A00CF1B79 /* Deck.m */; };
		B7988FF01CAA80C400CF1B79 /* playCardDeck.m in Sources */ = {isa = PBXBuildFile; fileRef = B7988FEF1CAA80C400CF1B79 /* playCardDeck.m */; };
		B799E4B31CAACE3200140EB5 /* playCard.m in Sources */ = {isa = PBXBuildFile; fileRef = B799E4B21CAACE3200140EB5 /* playCard.m */; };
/* End PBXBuildFile section */

/* Begin PBXContainerItemProxy section */
		B7988FCF1CAA56CF00CF1B79 /* PBXContainerItemProxy */ = {
			isa = PBXContainerItemProxy;
			containerPortal = B7988FA11CAA56CF00CF1B79 /* Project object */;
			proxyType = 1;
			remoteGlobalIDString = B7988FA81CAA56CF00CF1B79;
			remoteInfo = cardGame;
		};
/* End PBXContainerItemProxy section */

/* Begin PBXFileReference section */
		B79482251CB0BB1500F0B81B /* playingCardGameViewController.h */ = {isa = PBXFileReference; fileEncoding = 4; lastKnownFileType = sourcecode.c.h; path = playingCardGameViewController.h; sourceTree = "<group>"; };
		B79482261CB0BB1500F0B81B /* playingCardGameViewController.m */ = {isa = PBXFileReference; fileEncoding = 4; lastKnownFileType = sourcecode.c.objc; path = playingCardGameViewController.m; sourceTree = "<group>"; };
		B794EFA21CABA261007C9B20 /* cardMatchingGame.h */ = {isa = PBXFileReference; fileEncoding = 4; lastKnownFileType = sourcecode.c.h; name = cardMatchingGame.h; path = model/cardMatchingGame.h; sourceTree = "<group>"; };
		B794EFA31CABA261007C9B20 /* cardMatchingGame.m */ = {isa = PBXFileReference; fileEncoding = 4; lastKnownFileType = sourcecode.c.objc; name = cardMatchingGame.m; path = model/cardMatchingGame.m; sourceTree = "<group>"; };
		B7988FA91CAA56CF00CF1B79 /* cardGame.app */ = {isa = PBXFileReference; explicitFileType = wrapper.application; includeInIndex = 0; path = cardGame.app; sourceTree = BUILT_PRODUCTS_DIR; };
		B7988FAC1CAA56CF00CF1B79 /* Foundation.framework */ = {isa = PBXFileReference; lastKnownFileType = wrapper.framework; name = Foundation.framework; path = System/Library/Frameworks/Foundation.framework; sourceTree = SDKROOT; };
		B7988FAE1CAA56CF00CF1B79 /* CoreGraphics.framework */ = {isa = PBXFileReference; lastKnownFileType = wrapper.framework; name = CoreGraphics.framework; path = System/Library/Frameworks/CoreGraphics.framework; sourceTree = SDKROOT; };
		B7988FB01CAA56CF00CF1B79 /* UIKit.framework */ = {isa = PBXFileReference; lastKnownFileType = wrapper.framework; name = UIKit.framework; path = System/Library/Frameworks/UIKit.framework; sourceTree = SDKROOT; };
		B7988FB41CAA56CF00CF1B79 /* cardGame-Info.plist */ = {isa = PBXFileReference; lastKnownFileType = text.plist.xml; path = "cardGame-Info.plist"; sourceTree = "<group>"; };
		B7988FB61CAA56CF00CF1B79 /* en */ = {isa = PBXFileReference; lastKnownFileType = text.plist.strings; name = en; path = en.lproj/InfoPlist.strings; sourceTree = "<group>"; };
		B7988FB81CAA56CF00CF1B79 /* main.m */ = {isa = PBXFileReference; lastKnownFileType = sourcecode.c.objc; path = main.m; sourceTree = "<group>"; };
		B7988FBA1CAA56CF00CF1B79 /* cardGame-Prefix.pch */ = {isa = PBXFileReference; lastKnownFileType = sourcecode.c.h; path = "cardGame-Prefix.pch"; sourceTree = "<group>"; };
		B7988FBB1CAA56CF00CF1B79 /* cardGameAppDelegate.h */ = {isa = PBXFileReference; lastKnownFileType = sourcecode.c.h; path = cardGameAppDelegate.h; sourceTree = "<group>"; };
		B7988FBC1CAA56CF00CF1B79 /* cardGameAppDelegate.m */ = {isa = PBXFileReference; lastKnownFileType = sourcecode.c.objc; path = cardGameAppDelegate.m; sourceTree = "<group>"; };
		B7988FBF1CAA56CF00CF1B79 /* Base */ = {isa = PBXFileReference; lastKnownFileType = file.storyboard; name = Base; path = Base.lproj/Main.storyboard; sourceTree = "<group>"; };
		B7988FC11CAA56CF00CF1B79 /* cardGameViewController.h */ = {isa = PBXFileReference; lastKnownFileType = sourcecode.c.h; path = cardGameViewController.h; sourceTree = "<group>"; };
		B7988FC21CAA56CF00CF1B79 /* cardGameViewController.m */ = {isa = PBXFileReference; lastKnownFileType = sourcecode.c.objc; path = cardGameViewController.m; sourceTree = "<group>"; };
		B7988FC41CAA56CF00CF1B79 /* Images.xcassets */ = {isa = PBXFileReference; lastKnownFileType = folder.assetcatalog; path = Images.xcassets; sourceTree = "<group>"; };
		B7988FCA1CAA56CF00CF1B79 /* cardGameTests.xctest */ = {isa = PBXFileReference; explicitFileType = wrapper.cfbundle; includeInIndex = 0; path = cardGameTests.xctest; sourceTree = BUILT_PRODUCTS_DIR; };
		B7988FCB1CAA56CF00CF1B79 /* XCTest.framework */ = {isa = PBXFileReference; lastKnownFileType = wrapper.framework; name = XCTest.framework; path = Library/Frameworks/XCTest.framework; sourceTree = DEVELOPER_DIR; };
		B7988FD31CAA56CF00CF1B79 /* cardGameTests-Info.plist */ = {isa = PBXFileReference; lastKnownFileType = text.plist.xml; path = "cardGameTests-Info.plist"; sourceTree = "<group>"; };
		B7988FD51CAA56CF00CF1B79 /* en */ = {isa = PBXFileReference; lastKnownFileType = text.plist.strings; name = en; path = en.lproj/InfoPlist.strings; sourceTree = "<group>"; };
		B7988FD71CAA56CF00CF1B79 /* cardGameTests.m */ = {isa = PBXFileReference; lastKnownFileType = sourcecode.c.objc; path = cardGameTests.m; sourceTree = "<group>"; };
		B7988FE11CAA623300CF1B79 /* Card.h */ = {isa = PBXFileReference; fileEncoding = 4; lastKnownFileType = sourcecode.c.h; name = Card.h; path = model/Card.h; sourceTree = "<group>"; };
		B7988FE21CAA623300CF1B79 /* Card.m */ = {isa = PBXFileReference; fileEncoding = 4; lastKnownFileType = sourcecode.c.objc; name = Card.m; path = model/Card.m; sourceTree = "<group>"; };
		B7988FE81CAA7A2A00CF1B79 /* Deck.h */ = {isa = PBXFileReference; fileEncoding = 4; lastKnownFileType = sourcecode.c.h; name = Deck.h; path = model/Deck.h; sourceTree = "<group>"; };
		B7988FE91CAA7A2A00CF1B79 /* Deck.m */ = {isa = PBXFileReference; fileEncoding = 4; lastKnownFileType = sourcecode.c.objc; name = Deck.m; path = model/Deck.m; sourceTree = "<group>"; };
		B7988FEE1CAA80C400CF1B79 /* playCardDeck.h */ = {isa = PBXFileReference; fileEncoding = 4; lastKnownFileType = sourcecode.c.h; name = playCardDeck.h; path = model/playCardDeck.h; sourceTree = "<group>"; };
		B7988FEF1CAA80C400CF1B79 /* playCardDeck.m */ = {isa = PBXFileReference; fileEncoding = 4; lastKnownFileType = sourcecode.c.objc; name = playCardDeck.m; path = model/playCardDeck.m; sourceTree = "<group>"; };
		B799E4B11CAACE3200140EB5 /* playCard.h */ = {isa = PBXFileReference; fileEncoding = 4; lastKnownFileType = sourcecode.c.h; name = playCard.h; path = model/playCard.h; sourceTree = "<group>"; };
		B799E4B21CAACE3200140EB5 /* playCard.m */ = {isa = PBXFileReference; fileEncoding = 4; lastKnownFileType = sourcecode.c.objc; name = playCard.m; path = model/playCard.m; sourceTree = "<group>"; };
/* End PBXFileReference section */

/* Begin PBXFrameworksBuildPhase section */
		B7988FA61CAA56CF00CF1B79 /* Frameworks */ = {
			isa = PBXFrameworksBuildPhase;
			buildActionMask = 2147483647;
			files = (
				B7988FAF1CAA56CF00CF1B79 /* CoreGraphics.framework in Frameworks */,
				B7988FB11CAA56CF00CF1B79 /* UIKit.framework in Frameworks */,
				B7988FAD1CAA56CF00CF1B79 /* Foundation.framework in Frameworks */,
			);
			runOnlyForDeploymentPostprocessing = 0;
		};
		B7988FC71CAA56CF00CF1B79 /* Frameworks */ = {
			isa = PBXFrameworksBuildPhase;
			buildActionMask = 2147483647;
			files = (
				B7988FCC1CAA56CF00CF1B79 /* XCTest.framework in Frameworks */,
				B7988FCE1CAA56CF00CF1B79 /* UIKit.framework in Frameworks */,
				B7988FCD1CAA56CF00CF1B79 /* Foundation.framework in Frameworks */,
			);
			runOnlyForDeploymentPostprocessing = 0;
		};
/* End PBXFrameworksBuildPhase section */

/* Begin PBXGroup section */
		B7988FA01CAA56CF00CF1B79 = {
			isa = PBXGroup;
			children = (
				B7988FB21CAA56CF00CF1B79 /* cardGame */,
				B7988FD11CAA56CF00CF1B79 /* cardGameTests */,
				B7988FAB1CAA56CF00CF1B79 /* Frameworks */,
				B7988FAA1CAA56CF00CF1B79 /* Products */,
			);
			sourceTree = "<group>";
		};
		B7988FAA1CAA56CF00CF1B79 /* Products */ = {
			isa = PBXGroup;
			children = (
				B7988FA91CAA56CF00CF1B79 /* cardGame.app */,
				B7988FCA1CAA56CF00CF1B79 /* cardGameTests.xctest */,
			);
			name = Products;
			sourceTree = "<group>";
		};
		B7988FAB1CAA56CF00CF1B79 /* Frameworks */ = {
			isa = PBXGroup;
			children = (
				B7988FAC1CAA56CF00CF1B79 /* Foundation.framework */,
				B7988FAE1CAA56CF00CF1B79 /* CoreGraphics.framework */,
				B7988FB01CAA56CF00CF1B79 /* UIKit.framework */,
				B7988FCB1CAA56CF00CF1B79 /* XCTest.framework */,
			);
			name = Frameworks;
			sourceTree = "<group>";
		};
		B7988FB21CAA56CF00CF1B79 /* cardGame */ = {
			isa = PBXGroup;
			children = (
				B7988FBE1CAA56CF00CF1B79 /* Main.storyboard */,
				B7988FC11CAA56CF00CF1B79 /* cardGameViewController.h */,
				B79482251CB0BB1500F0B81B /* playingCardGameViewController.h */,
				B79482261CB0BB1500F0B81B /* playingCardGameViewController.m */,
				B7988FC21CAA56CF00CF1B79 /* cardGameViewController.m */,
				B7988FC41CAA56CF00CF1B79 /* Images.xcassets */,
				B7988FB31CAA56CF00CF1B79 /* Supporting Files */,
				B7988FE41CAA624800CF1B79 /* modle */,
			);
			path = cardGame;
			sourceTree = "<group>";
		};
		B7988FB31CAA56CF00CF1B79 /* Supporting Files */ = {
			isa = PBXGroup;
			children = (
				B7988FBB1CAA56CF00CF1B79 /* cardGameAppDelegate.h */,
				B7988FBC1CAA56CF00CF1B79 /* cardGameAppDelegate.m */,
				B7988FB41CAA56CF00CF1B79 /* cardGame-Info.plist */,
				B7988FB51CAA56CF00CF1B79 /* InfoPlist.strings */,
				B7988FB81CAA56CF00CF1B79 /* main.m */,
				B7988FBA1CAA56CF00CF1B79 /* cardGame-Prefix.pch */,
			);
			name = "Supporting Files";
			sourceTree = "<group>";
		};
		B7988FD11CAA56CF00CF1B79 /* cardGameTests */ = {
			isa = PBXGroup;
			children = (
				B7988FD71CAA56CF00CF1B79 /* cardGameTests.m */,
				B7988FD21CAA56CF00CF1B79 /* Supporting Files */,
			);
			path = cardGameTests;
			sourceTree = "<group>";
		};
		B7988FD21CAA56CF00CF1B79 /* Supporting Files */ = {
			isa = PBXGroup;
			children = (
				B7988FD31CAA56CF00CF1B79 /* cardGameTests-Info.plist */,
				B7988FD41CAA56CF00CF1B79 /* InfoPlist.strings */,
			);
			name = "Supporting Files";
			sourceTree = "<group>";
		};
		B7988FE41CAA624800CF1B79 /* modle */ = {
			isa = PBXGroup;
			children = (
				B794EFA21CABA261007C9B20 /* cardMatchingGame.h */,
				B794EFA31CABA261007C9B20 /* cardMatchingGame.m */,
				B7988FE81CAA7A2A00CF1B79 /* Deck.h */,
				B7988FE91CAA7A2A00CF1B79 /* Deck.m */,
				B7988FEE1CAA80C400CF1B79 /* playCardDeck.h */,
				B7988FEF1CAA80C400CF1B79 /* playCardDeck.m */,
				B7988FE11CAA623300CF1B79 /* Card.h */,
				B7988FE21CAA623300CF1B79 /* Card.m */,
				B799E4B11CAACE3200140EB5 /* playCard.h */,
				B799E4B21CAACE3200140EB5 /* playCard.m */,
			);
			name = modle;
			sourceTree = "<group>";
		};
/* End PBXGroup section */

/* Begin PBXNativeTarget section */
		B7988FA81CAA56CF00CF1B79 /* cardGame */ = {
			isa = PBXNativeTarget;
			buildConfigurationList = B7988FDB1CAA56D000CF1B79 /* Build configuration list for PBXNativeTarget "cardGame" */;
			buildPhases = (
				B7988FA51CAA56CF00CF1B79 /* Sources */,
				B7988FA61CAA56CF00CF1B79 /* Frameworks */,
				B7988FA71CAA56CF00CF1B79 /* Resources */,
			);
			buildRules = (
			);
			dependencies = (
			);
			name = cardGame;
			productName = cardGame;
			productReference = B7988FA91CAA56CF00CF1B79 /* cardGame.app */;
			productType = "com.apple.product-type.application";
		};
		B7988FC91CAA56CF00CF1B79 /* cardGameTests */ = {
			isa = PBXNativeTarget;
			buildConfigurationList = B7988FDE1CAA56D000CF1B79 /* Build configuration list for PBXNativeTarget "cardGameTests" */;
			buildPhases = (
				B7988FC61CAA56CF00CF1B79 /* Sources */,
				B7988FC71CAA56CF00CF1B79 /* Frameworks */,
				B7988FC81CAA56CF00CF1B79 /* Resources */,
			);
			buildRules = (
			);
			dependencies = (
				B7988FD01CAA56CF00CF1B79 /* PBXTargetDependency */,
			);
			name = cardGameTests;
			productName = cardGameTests;
			productReference = B7988FCA1CAA56CF00CF1B79 /* cardGameTests.xctest */;
			productType = "com.apple.product-type.bundle.unit-test";
		};
/* End PBXNativeTarget section */

/* Begin PBXProject section */
		B7988FA11CAA56CF00CF1B79 /* Project object */ = {
			isa = PBXProject;
			attributes = {
				CLASSPREFIX = cardGame;
				LastUpgradeCheck = 0510;
				ORGANIZATIONNAME = "___FULLUSERNAME___";
				TargetAttributes = {
					B7988FC91CAA56CF00CF1B79 = {
						TestTargetID = B7988FA81CAA56CF00CF1B79;
					};
				};
			};
			buildConfigurationList = B7988FA41CAA56CF00CF1B79 /* Build configuration list for PBXProject "cardGame" */;
			compatibilityVersion = "Xcode 3.2";
			developmentRegion = English;
			hasScannedForEncodings = 0;
			knownRegions = (
				en,
				Base,
			);
			mainGroup = B7988FA01CAA56CF00CF1B79;
			productRefGroup = B7988FAA1CAA56CF00CF1B79 /* Products */;
			projectDirPath = "";
			projectRoot = "";
			targets = (
				B7988FA81CAA56CF00CF1B79 /* cardGame */,
				B7988FC91CAA56CF00CF1B79 /* cardGameTests */,
			);
		};
/* End PBXProject section */

/* Begin PBXResourcesBuildPhase section */
		B7988FA71CAA56CF00CF1B79 /* Resources */ = {
			isa = PBXResourcesBuildPhase;
			buildActionMask = 2147483647;
			files = (
				B7988FC51CAA56CF00CF1B79 /* Images.xcassets in Resources */,
				B7988FB71CAA56CF00CF1B79 /* InfoPlist.strings in Resources */,
				B7988FC01CAA56CF00CF1B79 /* Main.storyboard in Resources */,
			);
			runOnlyForDeploymentPostprocessing = 0;
		};
		B7988FC81CAA56CF00CF1B79 /* Resources */ = {
			isa = PBXResourcesBuildPhase;
			buildActionMask = 2147483647;
			files = (
				B7988FD61CAA56CF00CF1B79 /* InfoPlist.strings in Resources */,
			);
			runOnlyForDeploymentPostprocessing = 0;
		};
/* End PBXResourcesBuildPhase section */

/* Begin PBXSourcesBuildPhase section */
		B7988FA51CAA56CF00CF1B79 /* Sources */ = {
			isa = PBXSourcesBuildPhase;
			buildActionMask = 2147483647;
			files = (
				B7988FC31CAA56CF00CF1B79 /* cardGameViewController.m in Sources */,
				B7988FBD1CAA56CF00CF1B79 /* cardGameAppDelegate.m in Sources */,
				B7988FB91CAA56CF00CF1B79 /* main.m in Sources */,
				B799E4B31CAACE3200140EB5 /* playCard.m in Sources */,
				B794EFA41CABA261007C9B20 /* cardMatchingGame.m in Sources */,
				B79482271CB0BB1500F0B81B /* playingCardGameViewController.m in Sources */,
				B7988FF01CAA80C400CF1B79 /* playCardDeck.m in Sources */,
				B7988FEA1CAA7A2A00CF1B79 /* Deck.m in Sources */,
				B7988FE31CAA623300CF1B79 /* Card.m in Sources */,
			);
			runOnlyForDeploymentPostprocessing = 0;
		};
		B7988FC61CAA56CF00CF1B79 /* Sources */ = {
			isa = PBXSourcesBuildPhase;
			buildActionMask = 2147483647;
			files = (
				B7988FD81CAA56CF00CF1B79 /* cardGameTests.m in Sources */,
			);
			runOnlyForDeploymentPostprocessing = 0;
		};
/* End PBXSourcesBuildPhase section */

/* Begin PBXTargetDependency section */
		B7988FD01CAA56CF00CF1B79 /* PBXTargetDependency */ = {
			isa = PBXTargetDependency;
			target = B7988FA81CAA56CF00CF1B79 /* cardGame */;
			targetProxy = B7988FCF1CAA56CF00CF1B79 /* PBXContainerItemProxy */;
		};
/* End PBXTargetDependency section */

/* Begin PBXVariantGroup section */
		B7988FB51CAA56CF00CF1B79 /* InfoPlist.strings */ = {
			isa = PBXVariantGroup;
			children = (
				B7988FB61CAA56CF00CF1B79 /* en */,
			);
			name = InfoPlist.strings;
			sourceTree = "<group>";
		};
		B7988FBE1CAA56CF00CF1B79 /* Main.storyboard */ = {
			isa = PBXVariantGroup;
			children = (
				B7988FBF1CAA56CF00CF1B79 /* Base */,
			);
			name = Main.storyboard;
			sourceTree = "<group>";
		};
		B7988FD41CAA56CF00CF1B79 /* InfoPlist.strings */ = {
			isa = PBXVariantGroup;
			children = (
				B7988FD51CAA56CF00CF1B79 /* en */,
			);
			name = InfoPlist.strings;
			sourceTree = "<group>";
		};
/* End PBXVariantGroup section */

/* Begin XCBuildConfiguration section */
		B7988FD91CAA56D000CF1B79 /* Debug */ = {
			isa = XCBuildConfiguration;
			buildSettings = {
				ALWAYS_SEARCH_USER_PATHS = NO;
				CLANG_CXX_LANGUAGE_STANDARD = "gnu++0x";
				CLANG_CXX_LIBRARY = "libc++";
				CLANG_ENABLE_MODULES = YES;
				CLANG_ENABLE_OBJC_ARC = YES;
				CLANG_WARN_BOOL_CONVERSION = YES;
				CLANG_WARN_CONSTANT_CONVERSION = YES;
				CLANG_WARN_DIRECT_OBJC_ISA_USAGE = YES_ERROR;
				CLANG_WARN_EMPTY_BODY = YES;
				CLANG_WARN_ENUM_CONVERSION = YES;
				CLANG_WARN_INT_CONVERSION = YES;
				CLANG_WARN_OBJC_ROOT_CLASS = YES_ERROR;
				CLANG_WARN__DUPLICATE_METHOD_MATCH = YES;
				"CODE_SIGN_IDENTITY[sdk=iphoneos*]" = "iPhone Developer";
				COPY_PHASE_STRIP = NO;
				GCC_C_LANGUAGE_STANDARD = gnu99;
				GCC_DYNAMIC_NO_PIC = NO;
				GCC_OPTIMIZATION_LEVEL = 0;
				GCC_PREPROCESSOR_DEFINITIONS = (
					"DEBUG=1",
					"$(inherited)",
				);
				GCC_SYMBOLS_PRIVATE_EXTERN = NO;
				GCC_WARN_64_TO_32_BIT_CONVERSION = YES;
				GCC_WARN_ABOUT_RETURN_TYPE = YES_ERROR;
				GCC_WARN_UNDECLARED_SELECTOR = YES;
				GCC_WARN_UNINITIALIZED_AUTOS = YES_AGGRESSIVE;
				GCC_WARN_UNUSED_FUNCTION = YES;
				GCC_WARN_UNUSED_VARIABLE = YES;
				IPHONEOS_DEPLOYMENT_TARGET = 7.1;
				ONLY_ACTIVE_ARCH = YES;
				SDKROOT = iphoneos;
			};
			name = Debug;
		};
		B7988FDA1CAA56D000CF1B79 /* Release */ = {
			isa = XCBuildConfiguration;
			buildSettings = {
				ALWAYS_SEARCH_USER_PATHS = NO;
				CLANG_CXX_LANGUAGE_STANDARD = "gnu++0x";
				CLANG_CXX_LIBRARY = "libc++";
				CLANG_ENABLE_MODULES = YES;
				CLANG_ENABLE_OBJC_ARC = YES;
				CLANG_WARN_BOOL_CONVERSION = YES;
				CLANG_WARN_CONSTANT_CONVERSION = YES;
				CLANG_WARN_DIRECT_OBJC_ISA_USAGE = YES_ERROR;
				CLANG_WARN_EMPTY_BODY = YES;
				CLANG_WARN_ENUM_CONVERSION = YES;
				CLANG_WARN_INT_CONVERSION = YES;
				CLANG_WARN_OBJC_ROOT_CLASS = YES_ERROR;
				CLANG_WARN__DUPLICATE_METHOD_MATCH = YES;
				"CODE_SIGN_IDENTITY[sdk=iphoneos*]" = "iPhone Developer";
				COPY_PHASE_STRIP = YES;
				ENABLE_NS_ASSERTIONS = NO;
				GCC_C_LANGUAGE_STANDARD = gnu99;
				GCC_WARN_64_TO_32_BIT_CONVERSION = YES;
				GCC_WARN_ABOUT_RETURN_TYPE = YES_ERROR;
				GCC_WARN_UNDECLARED_SELECTOR = YES;
				GCC_WARN_UNINITIALIZED_AUTOS = YES_AGGRESSIVE;
				GCC_WARN_UNUSED_FUNCTION = YES;
				GCC_WARN_UNUSED_VARIABLE = YES;
				IPHONEOS_DEPLOYMENT_TARGET = 7.1;
				SDKROOT = iphoneos;
				VALIDATE_PRODUCT = YES;
			};
			name = Release;
		};
		B7988FDC1CAA56D000CF1B79 /* Debug */ = {
			isa = XCBuildConfiguration;
			buildSettings = {
				ASSETCATALOG_COMPILER_APPICON_NAME = AppIcon;
				ASSETCATALOG_COMPILER_LAUNCHIMAGE_NAME = LaunchImage;
				GCC_PRECOMPILE_PREFIX_HEADER = YES;
				GCC_PREFIX_HEADER = "cardGame/cardGame-Prefix.pch";
				INFOPLIST_FILE = "cardGame/cardGame-Info.plist";
				PRODUCT_NAME = "$(TARGET_NAME)";
				WRAPPER_EXTENSION = app;
			};
			name = Debug;
		};
		B7988FDD1CAA56D000CF1B79 /* Release */ = {
			isa = XCBuildConfiguration;
			buildSettings = {
				ASSETCATALOG_COMPILER_APPICON_NAME = AppIcon;
				ASSETCATALOG_COMPILER_LAUNCHIMAGE_NAME = LaunchImage;
				GCC_PRECOMPILE_PREFIX_HEADER = YES;
				GCC_PREFIX_HEADER = "cardGame/cardGame-Prefix.pch";
				INFOPLIST_FILE = "cardGame/cardGame-Info.plist";
				PRODUCT_NAME = "$(TARGET_NAME)";
				WRAPPER_EXTENSION = app;
			};
			name = Release;
		};
		B7988FDF1CAA56D000CF1B79 /* Debug */ = {
			isa = XCBuildConfiguration;
			buildSettings = {
				BUNDLE_LOADER = "$(BUILT_PRODUCTS_DIR)/cardGame.app/cardGame";
				FRAMEWORK_SEARCH_PATHS = (
					"$(SDKROOT)/Developer/Library/Frameworks",
					"$(inherited)",
					"$(DEVELOPER_FRAMEWORKS_DIR)",
				);
				GCC_PRECOMPILE_PREFIX_HEADER = YES;
				GCC_PREFIX_HEADER = "cardGame/cardGame-Prefix.pch";
				GCC_PREPROCESSOR_DEFINITIONS = (
					"DEBUG=1",
					"$(inherited)",
				);
				INFOPLIST_FILE = "cardGameTests/cardGameTests-Info.plist";
				PRODUCT_NAME = "$(TARGET_NAME)";
				TEST_HOST = "$(BUNDLE_LOADER)";
				WRAPPER_EXTENSION = xctest;
			};
			name = Debug;
		};
		B7988FE01CAA56D000CF1B79 /* Release */ = {
			isa = XCBuildConfiguration;
			buildSettings = {
				BUNDLE_LOADER = "$(BUILT_PRODUCTS_DIR)/cardGame.app/cardGame";
				FRAMEWORK_SEARCH_PATHS = (
					"$(SDKROOT)/Developer/Library/Frameworks",
					"$(inherited)",
					"$(DEVELOPER_FRAMEWORKS_DIR)",
				);
				GCC_PRECOMPILE_PREFIX_HEADER = YES;
				GCC_PREFIX_HEADER = "cardGame/cardGame-Prefix.pch";
				INFOPLIST_FILE = "cardGameTests/cardGameTests-Info.plist";
				PRODUCT_NAME = "$(TARGET_NAME)";
				TEST_HOST = "$(BUNDLE_LOADER)";
				WRAPPER_EXTENSION = xctest;
			};
			name = Release;
		};
/* End XCBuildConfiguration section */

/* Begin XCConfigurationList section */
		B7988FA41CAA56CF00CF1B79 /* Build configuration list for PBXProject "cardGame" */ = {
			isa = XCConfigurationList;
			buildConfigurations = (
				B7988FD91CAA56D000CF1B79 /* Debug */,
				B7988FDA1CAA56D000CF1B79 /* Release */,
			);
			defaultConfigurationIsVisible = 0;
			defaultConfigurationName = Release;
		};
		B7988FDB1CAA56D000CF1B79 /* Build configuration list for PBXNativeTarget "cardGame" */ = {
			isa = XCConfigurationList;
			buildConfigurations = (
				B7988FDC1CAA56D000CF1B79 /* Debug */,
				B7988FDD1CAA56D000CF1B79 /* Release */,
			);
			defaultConfigurationIsVisible = 0;
			defaultConfigurationName = Release;
		};
		B7988FDE1CAA56D000CF1B79 /* Build configuration list for PBXNativeTarget "cardGameTests" */ = {
			isa = XCConfigurationList;
			buildConfigurations = (
				B7988FDF1CAA56D000CF1B79 /* Debug */,
				B7988FE01CAA56D000CF1B79 /* Release */,
			);
			defaultConfigurationIsVisible = 0;
			defaultConfigurationName = Release;
		};
/* End XCConfigurationList section */
	};
	rootObject = B7988FA11CAA56CF00CF1B79 /* Project object */;
}
