// !$*UTF8*$!
{
	archiveVersion = 1;
	classes = {
	};
	objectVersion = 46;
	objects = {

/* Begin PBXBuildFile section */
		B79902071CBD14ED006B5152 /* Foundation.framework in Frameworks */ = {isa = PBXBuildFile; fileRef = B79902061CBD14ED006B5152 /* Foundation.framework */; };
		B79902091CBD14ED006B5152 /* CoreGraphics.framework in Frameworks */ = {isa = PBXBuildFile; fileRef = B79902081CBD14ED006B5152 /* CoreGraphics.framework */; };
		B799020B1CBD14ED006B5152 /* UIKit.framework in Frameworks */ = {isa = PBXBuildFile; fileRef = B799020A1CBD14ED006B5152 /* UIKit.framework */; };
		B79902111CBD14ED006B5152 /* InfoPlist.strings in Resources */ = {isa = PBXBuildFile; fileRef = B799020F1CBD14ED006B5152 /* InfoPlist.strings */; };
		B79902131CBD14ED006B5152 /* main.m in Sources */ = {isa = PBXBuildFile; fileRef = B79902121CBD14ED006B5152 /* main.m */; };
		B79902171CBD14ED006B5152 /* XYSAppDelegate.m in Sources */ = {isa = PBXBuildFile; fileRef = B79902161CBD14ED006B5152 /* XYSAppDelegate.m */; };
		B79902191CBD14ED006B5152 /* Images.xcassets in Resources */ = {isa = PBXBuildFile; fileRef = B79902181CBD14ED006B5152 /* Images.xcassets */; };
		B79902201CBD14ED006B5152 /* XCTest.framework in Frameworks */ = {isa = PBXBuildFile; fileRef = B799021F1CBD14ED006B5152 /* XCTest.framework */; };
		B79902211CBD14ED006B5152 /* Foundation.framework in Frameworks */ = {isa = PBXBuildFile; fileRef = B79902061CBD14ED006B5152 /* Foundation.framework */; };
		B79902221CBD14ED006B5152 /* UIKit.framework in Frameworks */ = {isa = PBXBuildFile; fileRef = B799020A1CBD14ED006B5152 /* UIKit.framework */; };
		B799022A1CBD14ED006B5152 /* InfoPlist.strings in Resources */ = {isa = PBXBuildFile; fileRef = B79902281CBD14ED006B5152 /* InfoPlist.strings */; };
		B799022C1CBD14EE006B5152 /* TouchTrackerTests.m in Sources */ = {isa = PBXBuildFile; fileRef = B799022B1CBD14ED006B5152 /* TouchTrackerTests.m */; };
		B79902371CBD1534006B5152 /* XYSLine.m in Sources */ = {isa = PBXBuildFile; fileRef = B79902361CBD1534006B5152 /* XYSLine.m */; };
		B799023A1CBD15AD006B5152 /* XYSDrawView.m in Sources */ = {isa = PBXBuildFile; fileRef = B79902391CBD15AD006B5152 /* XYSDrawView.m */; };
		B799023D1CBD1607006B5152 /* XYSDrawViewController.m in Sources */ = {isa = PBXBuildFile; fileRef = B799023C1CBD1607006B5152 /* XYSDrawViewController.m */; };
/* End PBXBuildFile section */

/* Begin PBXContainerItemProxy section */
		B79902231CBD14ED006B5152 /* PBXContainerItemProxy */ = {
			isa = PBXContainerItemProxy;
			containerPortal = B79901FB1CBD14ED006B5152 /* Project object */;
			proxyType = 1;
			remoteGlobalIDString = B79902021CBD14ED006B5152;
			remoteInfo = TouchTracker;
		};
/* End PBXContainerItemProxy section */

/* Begin PBXFileReference section */
		B79902031CBD14ED006B5152 /* TouchTracker.app */ = {isa = PBXFileReference; explicitFileType = wrapper.application; includeInIndex = 0; path = TouchTracker.app; sourceTree = BUILT_PRODUCTS_DIR; };
		B79902061CBD14ED006B5152 /* Foundation.framework */ = {isa = PBXFileReference; lastKnownFileType = wrapper.framework; name = Foundation.framework; path = System/Library/Frameworks/Foundation.framework; sourceTree = SDKROOT; };
		B79902081CBD14ED006B5152 /* CoreGraphics.framework */ = {isa = PBXFileReference; lastKnownFileType = wrapper.framework; name = CoreGraphics.framework; path = System/Library/Frameworks/CoreGraphics.framework; sourceTree = SDKROOT; };
		B799020A1CBD14ED006B5152 /* UIKit.framework */ = {isa = PBXFileReference; lastKnownFileType = wrapper.framework; name = UIKit.framework; path = System/Library/Frameworks/UIKit.framework; sourceTree = SDKROOT; };
		B799020E1CBD14ED006B5152 /* TouchTracker-Info.plist */ = {isa = PBXFileReference; lastKnownFileType = text.plist.xml; path = "TouchTracker-Info.plist"; sourceTree = "<group>"; };
		B79902101CBD14ED006B5152 /* en */ = {isa = PBXFileReference; lastKnownFileType = text.plist.strings; name = en; path = en.lproj/InfoPlist.strings; sourceTree = "<group>"; };
		B79902121CBD14ED006B5152 /* main.m */ = {isa = PBXFileReference; lastKnownFileType = sourcecode.c.objc; path = main.m; sourceTree = "<group>"; };
		B79902141CBD14ED006B5152 /* TouchTracker-Prefix.pch */ = {isa = PBXFileReference; lastKnownFileType = sourcecode.c.h; path = "TouchTracker-Prefix.pch"; sourceTree = "<group>"; };
		B79902151CBD14ED006B5152 /* XYSAppDelegate.h */ = {isa = PBXFileReference; lastKnownFileType = sourcecode.c.h; path = XYSAppDelegate.h; sourceTree = "<group>"; };
		B79902161CBD14ED006B5152 /* XYSAppDelegate.m */ = {isa = PBXFileReference; lastKnownFileType = sourcecode.c.objc; path = XYSAppDelegate.m; sourceTree = "<group>"; };
		B79902181CBD14ED006B5152 /* Images.xcassets */ = {isa = PBXFileReference; lastKnownFileType = folder.assetcatalog; path = Images.xcassets; sourceTree = "<group>"; };
		B799021E1CBD14ED006B5152 /* TouchTrackerTests.xctest */ = {isa = PBXFileReference; explicitFileType = wrapper.cfbundle; includeInIndex = 0; path = TouchTrackerTests.xctest; sourceTree = BUILT_PRODUCTS_DIR; };
		B799021F1CBD14ED006B5152 /* XCTest.framework */ = {isa = PBXFileReference; lastKnownFileType = wrapper.framework; name = XCTest.framework; path = Library/Frameworks/XCTest.framework; sourceTree = DEVELOPER_DIR; };
		B79902271CBD14ED006B5152 /* TouchTrackerTests-Info.plist */ = {isa = PBXFileReference; lastKnownFileType = text.plist.xml; path = "TouchTrackerTests-Info.plist"; sourceTree = "<group>"; };
		B79902291CBD14ED006B5152 /* en */ = {isa = PBXFileReference; lastKnownFileType = text.plist.strings; name = en; path = en.lproj/InfoPlist.strings; sourceTree = "<group>"; };
		B799022B1CBD14ED006B5152 /* TouchTrackerTests.m */ = {isa = PBXFileReference; lastKnownFileType = sourcecode.c.objc; path = TouchTrackerTests.m; sourceTree = "<group>"; };
		B79902351CBD1534006B5152 /* XYSLine.h */ = {isa = PBXFileReference; fileEncoding = 4; lastKnownFileType = sourcecode.c.h; path = XYSLine.h; sourceTree = "<group>"; };
		B79902361CBD1534006B5152 /* XYSLine.m */ = {isa = PBXFileReference; fileEncoding = 4; lastKnownFileType = sourcecode.c.objc; path = XYSLine.m; sourceTree = "<group>"; };
		B79902381CBD15AD006B5152 /* XYSDrawView.h */ = {isa = PBXFileReference; fileEncoding = 4; lastKnownFileType = sourcecode.c.h; path = XYSDrawView.h; sourceTree = "<group>"; };
		B79902391CBD15AD006B5152 /* XYSDrawView.m */ = {isa = PBXFileReference; fileEncoding = 4; lastKnownFileType = sourcecode.c.objc; path = XYSDrawView.m; sourceTree = "<group>"; };
		B799023B1CBD1607006B5152 /* XYSDrawViewController.h */ = {isa = PBXFileReference; fileEncoding = 4; lastKnownFileType = sourcecode.c.h; path = XYSDrawViewController.h; sourceTree = "<group>"; };
		B799023C1CBD1607006B5152 /* XYSDrawViewController.m */ = {isa = PBXFileReference; fileEncoding = 4; lastKnownFileType = sourcecode.c.objc; path = XYSDrawViewController.m; sourceTree = "<group>"; };
/* End PBXFileReference section */

/* Begin PBXFrameworksBuildPhase section */
		B79902001CBD14ED006B5152 /* Frameworks */ = {
			isa = PBXFrameworksBuildPhase;
			buildActionMask = 2147483647;
			files = (
				B79902091CBD14ED006B5152 /* CoreGraphics.framework in Frameworks */,
				B799020B1CBD14ED006B5152 /* UIKit.framework in Frameworks */,
				B79902071CBD14ED006B5152 /* Foundation.framework in Frameworks */,
			);
			runOnlyForDeploymentPostprocessing = 0;
		};
		B799021B1CBD14ED006B5152 /* Frameworks */ = {
			isa = PBXFrameworksBuildPhase;
			buildActionMask = 2147483647;
			files = (
				B79902201CBD14ED006B5152 /* XCTest.framework in Frameworks */,
				B79902221CBD14ED006B5152 /* UIKit.framework in Frameworks */,
				B79902211CBD14ED006B5152 /* Foundation.framework in Frameworks */,
			);
			runOnlyForDeploymentPostprocessing = 0;
		};
/* End PBXFrameworksBuildPhase section */

/* Begin PBXGroup section */
		B79901FA1CBD14ED006B5152 = {
			isa = PBXGroup;
			children = (
				B799020C1CBD14ED006B5152 /* TouchTracker */,
				B79902251CBD14ED006B5152 /* TouchTrackerTests */,
				B79902051CBD14ED006B5152 /* Frameworks */,
				B79902041CBD14ED006B5152 /* Products */,
			);
			sourceTree = "<group>";
		};
		B79902041CBD14ED006B5152 /* Products */ = {
			isa = PBXGroup;
			children = (
				B79902031CBD14ED006B5152 /* TouchTracker.app */,
				B799021E1CBD14ED006B5152 /* TouchTrackerTests.xctest */,
			);
			name = Products;
			sourceTree = "<group>";
		};
		B79902051CBD14ED006B5152 /* Frameworks */ = {
			isa = PBXGroup;
			children = (
				B79902061CBD14ED006B5152 /* Foundation.framework */,
				B79902081CBD14ED006B5152 /* CoreGraphics.framework */,
				B799020A1CBD14ED006B5152 /* UIKit.framework */,
				B799021F1CBD14ED006B5152 /* XCTest.framework */,
			);
			name = Frameworks;
			sourceTree = "<group>";
		};
		B799020C1CBD14ED006B5152 /* TouchTracker */ = {
			isa = PBXGroup;
			children = (
				B79902351CBD1534006B5152 /* XYSLine.h */,
				B79902361CBD1534006B5152 /* XYSLine.m */,
				B79902381CBD15AD006B5152 /* XYSDrawView.h */,
				B79902391CBD15AD006B5152 /* XYSDrawView.m */,
				B799023B1CBD1607006B5152 /* XYSDrawViewController.h */,
				B799023C1CBD1607006B5152 /* XYSDrawViewController.m */,
				B79902151CBD14ED006B5152 /* XYSAppDelegate.h */,
				B79902161CBD14ED006B5152 /* XYSAppDelegate.m */,
				B79902181CBD14ED006B5152 /* Images.xcassets */,
				B799020D1CBD14ED006B5152 /* Supporting Files */,
			);
			path = TouchTracker;
			sourceTree = "<group>";
		};
		B799020D1CBD14ED006B5152 /* Supporting Files */ = {
			isa = PBXGroup;
			children = (
				B799020E1CBD14ED006B5152 /* TouchTracker-Info.plist */,
				B799020F1CBD14ED006B5152 /* InfoPlist.strings */,
				B79902121CBD14ED006B5152 /* main.m */,
				B79902141CBD14ED006B5152 /* TouchTracker-Prefix.pch */,
			);
			name = "Supporting Files";
			sourceTree = "<group>";
		};
		B79902251CBD14ED006B5152 /* TouchTrackerTests */ = {
			isa = PBXGroup;
			children = (
				B799022B1CBD14ED006B5152 /* TouchTrackerTests.m */,
				B79902261CBD14ED006B5152 /* Supporting Files */,
			);
			path = TouchTrackerTests;
			sourceTree = "<group>";
		};
		B79902261CBD14ED006B5152 /* Supporting Files */ = {
			isa = PBXGroup;
			children = (
				B79902271CBD14ED006B5152 /* TouchTrackerTests-Info.plist */,
				B79902281CBD14ED006B5152 /* InfoPlist.strings */,
			);
			name = "Supporting Files";
			sourceTree = "<group>";
		};
/* End PBXGroup section */

/* Begin PBXNativeTarget section */
		B79902021CBD14ED006B5152 /* TouchTracker */ = {
			isa = PBXNativeTarget;
			buildConfigurationList = B799022F1CBD14EE006B5152 /* Build configuration list for PBXNativeTarget "TouchTracker" */;
			buildPhases = (
				B79901FF1CBD14ED006B5152 /* Sources */,
				B79902001CBD14ED006B5152 /* Frameworks */,
				B79902011CBD14ED006B5152 /* Resources */,
			);
			buildRules = (
			);
			dependencies = (
			);
			name = TouchTracker;
			productName = TouchTracker;
			productReference = B79902031CBD14ED006B5152 /* TouchTracker.app */;
			productType = "com.apple.product-type.application";
		};
		B799021D1CBD14ED006B5152 /* TouchTrackerTests */ = {
			isa = PBXNativeTarget;
			buildConfigurationList = B79902321CBD14EE006B5152 /* Build configuration list for PBXNativeTarget "TouchTrackerTests" */;
			buildPhases = (
				B799021A1CBD14ED006B5152 /* Sources */,
				B799021B1CBD14ED006B5152 /* Frameworks */,
				B799021C1CBD14ED006B5152 /* Resources */,
			);
			buildRules = (
			);
			dependencies = (
				B79902241CBD14ED006B5152 /* PBXTargetDependency */,
			);
			name = TouchTrackerTests;
			productName = TouchTrackerTests;
			productReference = B799021E1CBD14ED006B5152 /* TouchTrackerTests.xctest */;
			productType = "com.apple.product-type.bundle.unit-test";
		};
/* End PBXNativeTarget section */

/* Begin PBXProject section */
		B79901FB1CBD14ED006B5152 /* Project object */ = {
			isa = PBXProject;
			attributes = {
				CLASSPREFIX = XYS;
				LastUpgradeCheck = 0510;
				ORGANIZATIONNAME = S;
				TargetAttributes = {
					B799021D1CBD14ED006B5152 = {
						TestTargetID = B79902021CBD14ED006B5152;
					};
				};
			};
			buildConfigurationList = B79901FE1CBD14ED006B5152 /* Build configuration list for PBXProject "TouchTracker" */;
			compatibilityVersion = "Xcode 3.2";
			developmentRegion = English;
			hasScannedForEncodings = 0;
			knownRegions = (
				en,
			);
			mainGroup = B79901FA1CBD14ED006B5152;
			productRefGroup = B79902041CBD14ED006B5152 /* Products */;
			projectDirPath = "";
			projectRoot = "";
			targets = (
				B79902021CBD14ED006B5152 /* TouchTracker */,
				B799021D1CBD14ED006B5152 /* TouchTrackerTests */,
			);
		};
/* End PBXProject section */

/* Begin PBXResourcesBuildPhase section */
		B79902011CBD14ED006B5152 /* Resources */ = {
			isa = PBXResourcesBuildPhase;
			buildActionMask = 2147483647;
			files = (
				B79902111CBD14ED006B5152 /* InfoPlist.strings in Resources */,
				B79902191CBD14ED006B5152 /* Images.xcassets in Resources */,
			);
			runOnlyForDeploymentPostprocessing = 0;
		};
		B799021C1CBD14ED006B5152 /* Resources */ = {
			isa = PBXResourcesBuildPhase;
			buildActionMask = 2147483647;
			files = (
				B799022A1CBD14ED006B5152 /* InfoPlist.strings in Resources */,
			);
			runOnlyForDeploymentPostprocessing = 0;
		};
/* End PBXResourcesBuildPhase section */

/* Begin PBXSourcesBuildPhase section */
		B79901FF1CBD14ED006B5152 /* Sources */ = {
			isa = PBXSourcesBuildPhase;
			buildActionMask = 2147483647;
			files = (
				B79902131CBD14ED006B5152 /* main.m in Sources */,
				B799023A1CBD15AD006B5152 /* XYSDrawView.m in Sources */,
				B79902371CBD1534006B5152 /* XYSLine.m in Sources */,
				B79902171CBD14ED006B5152 /* XYSAppDelegate.m in Sources */,
				B799023D1CBD1607006B5152 /* XYSDrawViewController.m in Sources */,
			);
			runOnlyForDeploymentPostprocessing = 0;
		};
		B799021A1CBD14ED006B5152 /* Sources */ = {
			isa = PBXSourcesBuildPhase;
			buildActionMask = 2147483647;
			files = (
				B799022C1CBD14EE006B5152 /* TouchTrackerTests.m in Sources */,
			);
			runOnlyForDeploymentPostprocessing = 0;
		};
/* End PBXSourcesBuildPhase section */

/* Begin PBXTargetDependency section */
		B79902241CBD14ED006B5152 /* PBXTargetDependency */ = {
			isa = PBXTargetDependency;
			target = B79902021CBD14ED006B5152 /* TouchTracker */;
			targetProxy = B79902231CBD14ED006B5152 /* PBXContainerItemProxy */;
		};
/* End PBXTargetDependency section */

/* Begin PBXVariantGroup section */
		B799020F1CBD14ED006B5152 /* InfoPlist.strings */ = {
			isa = PBXVariantGroup;
			children = (
				B79902101CBD14ED006B5152 /* en */,
			);
			name = InfoPlist.strings;
			sourceTree = "<group>";
		};
		B79902281CBD14ED006B5152 /* InfoPlist.strings */ = {
			isa = PBXVariantGroup;
			children = (
				B79902291CBD14ED006B5152 /* en */,
			);
			name = InfoPlist.strings;
			sourceTree = "<group>";
		};
/* End PBXVariantGroup section */

/* Begin XCBuildConfiguration section */
		B799022D1CBD14EE006B5152 /* Debug */ = {
			isa = XCBuildConfiguration;
			buildSettings = {
				ALWAYS_SEARCH_USER_PATHS = NO;
				CLANG_CXX_LANGUAGE_STANDARD = "gnu++0x";
				CLANG_CXX_LIBRARY = "libc++";
				CLANG_ENABLE_MODULES = YES;
				CLANG_ENABLE_OBJC_ARC = YES;
				CLANG_WARN_BOOL_CONVERSION = YES;
				CLANG_WARN_CONSTANT_CONVERSION = YES;
				CLANG_WARN_DIRECT_OBJC_ISA_USAGE = YES_ERROR;
				CLANG_WARN_EMPTY_BODY = YES;
				CLANG_WARN_ENUM_CONVERSION = YES;
				CLANG_WARN_INT_CONVERSION = YES;
				CLANG_WARN_OBJC_ROOT_CLASS = YES_ERROR;
				CLANG_WARN__DUPLICATE_METHOD_MATCH = YES;
				"CODE_SIGN_IDENTITY[sdk=iphoneos*]" = "iPhone Developer";
				COPY_PHASE_STRIP = NO;
				GCC_C_LANGUAGE_STANDARD = gnu99;
				GCC_DYNAMIC_NO_PIC = NO;
				GCC_OPTIMIZATION_LEVEL = 0;
				GCC_PREPROCESSOR_DEFINITIONS = (
					"DEBUG=1",
					"$(inherited)",
				);
				GCC_SYMBOLS_PRIVATE_EXTERN = NO;
				GCC_WARN_64_TO_32_BIT_CONVERSION = YES;
				GCC_WARN_ABOUT_RETURN_TYPE = YES_ERROR;
				GCC_WARN_UNDECLARED_SELECTOR = YES;
				GCC_WARN_UNINITIALIZED_AUTOS = YES_AGGRESSIVE;
				GCC_WARN_UNUSED_FUNCTION = YES;
				GCC_WARN_UNUSED_VARIABLE = YES;
				IPHONEOS_DEPLOYMENT_TARGET = 7.1;
				ONLY_ACTIVE_ARCH = YES;
				SDKROOT = iphoneos;
			};
			name = Debug;
		};
		B799022E1CBD14EE006B5152 /* Release */ = {
			isa = XCBuildConfiguration;
			buildSettings = {
				ALWAYS_SEARCH_USER_PATHS = NO;
				CLANG_CXX_LANGUAGE_STANDARD = "gnu++0x";
				CLANG_CXX_LIBRARY = "libc++";
				CLANG_ENABLE_MODULES = YES;
				CLANG_ENABLE_OBJC_ARC = YES;
				CLANG_WARN_BOOL_CONVERSION = YES;
				CLANG_WARN_CONSTANT_CONVERSION = YES;
				CLANG_WARN_DIRECT_OBJC_ISA_USAGE = YES_ERROR;
				CLANG_WARN_EMPTY_BODY = YES;
				CLANG_WARN_ENUM_CONVERSION = YES;
				CLANG_WARN_INT_CONVERSION = YES;
				CLANG_WARN_OBJC_ROOT_CLASS = YES_ERROR;
				CLANG_WARN__DUPLICATE_METHOD_MATCH = YES;
				"CODE_SIGN_IDENTITY[sdk=iphoneos*]" = "iPhone Developer";
				COPY_PHASE_STRIP = YES;
				ENABLE_NS_ASSERTIONS = NO;
				GCC_C_LANGUAGE_STANDARD = gnu99;
				GCC_WARN_64_TO_32_BIT_CONVERSION = YES;
				GCC_WARN_ABOUT_RETURN_TYPE = YES_ERROR;
				GCC_WARN_UNDECLARED_SELECTOR = YES;
				GCC_WARN_UNINITIALIZED_AUTOS = YES_AGGRESSIVE;
				GCC_WARN_UNUSED_FUNCTION = YES;
				GCC_WARN_UNUSED_VARIABLE = YES;
				IPHONEOS_DEPLOYMENT_TARGET = 7.1;
				SDKROOT = iphoneos;
				VALIDATE_PRODUCT = YES;
			};
			name = Release;
		};
		B79902301CBD14EE006B5152 /* Debug */ = {
			isa = XCBuildConfiguration;
			buildSettings = {
				ASSETCATALOG_COMPILER_APPICON_NAME = AppIcon;
				ASSETCATALOG_COMPILER_LAUNCHIMAGE_NAME = LaunchImage;
				GCC_PRECOMPILE_PREFIX_HEADER = YES;
				GCC_PREFIX_HEADER = "TouchTracker/TouchTracker-Prefix.pch";
				INFOPLIST_FILE = "TouchTracker/TouchTracker-Info.plist";
				PRODUCT_NAME = "$(TARGET_NAME)";
				WRAPPER_EXTENSION = app;
			};
			name = Debug;
		};
		B79902311CBD14EE006B5152 /* Release */ = {
			isa = XCBuildConfiguration;
			buildSettings = {
				ASSETCATALOG_COMPILER_APPICON_NAME = AppIcon;
				ASSETCATALOG_COMPILER_LAUNCHIMAGE_NAME = LaunchImage;
				GCC_PRECOMPILE_PREFIX_HEADER = YES;
				GCC_PREFIX_HEADER = "TouchTracker/TouchTracker-Prefix.pch";
				INFOPLIST_FILE = "TouchTracker/TouchTracker-Info.plist";
				PRODUCT_NAME = "$(TARGET_NAME)";
				WRAPPER_EXTENSION = app;
			};
			name = Release;
		};
		B79902331CBD14EE006B5152 /* Debug */ = {
			isa = XCBuildConfiguration;
			buildSettings = {
				BUNDLE_LOADER = "$(BUILT_PRODUCTS_DIR)/TouchTracker.app/TouchTracker";
				FRAMEWORK_SEARCH_PATHS = (
					"$(SDKROOT)/Developer/Library/Frameworks",
					"$(inherited)",
					"$(DEVELOPER_FRAMEWORKS_DIR)",
				);
				GCC_PRECOMPILE_PREFIX_HEADER = YES;
				GCC_PREFIX_HEADER = "TouchTracker/TouchTracker-Prefix.pch";
				GCC_PREPROCESSOR_DEFINITIONS = (
					"DEBUG=1",
					"$(inherited)",
				);
				INFOPLIST_FILE = "TouchTrackerTests/TouchTrackerTests-Info.plist";
				PRODUCT_NAME = "$(TARGET_NAME)";
				TEST_HOST = "$(BUNDLE_LOADER)";
				WRAPPER_EXTENSION = xctest;
			};
			name = Debug;
		};
		B79902341CBD14EE006B5152 /* Release */ = {
			isa = XCBuildConfiguration;
			buildSettings = {
				BUNDLE_LOADER = "$(BUILT_PRODUCTS_DIR)/TouchTracker.app/TouchTracker";
				FRAMEWORK_SEARCH_PATHS = (
					"$(SDKROOT)/Developer/Library/Frameworks",
					"$(inherited)",
					"$(DEVELOPER_FRAMEWORKS_DIR)",
				);
				GCC_PRECOMPILE_PREFIX_HEADER = YES;
				GCC_PREFIX_HEADER = "TouchTracker/TouchTracker-Prefix.pch";
				INFOPLIST_FILE = "TouchTrackerTests/TouchTrackerTests-Info.plist";
				PRODUCT_NAME = "$(TARGET_NAME)";
				TEST_HOST = "$(BUNDLE_LOADER)";
				WRAPPER_EXTENSION = xctest;
			};
			name = Release;
		};
/* End XCBuildConfiguration section */

/* Begin XCConfigurationList section */
		B79901FE1CBD14ED006B5152 /* Build configuration list for PBXProject "TouchTracker" */ = {
			isa = XCConfigurationList;
			buildConfigurations = (
				B799022D1CBD14EE006B5152 /* Debug */,
				B799022E1CBD14EE006B5152 /* Release */,
			);
			defaultConfigurationIsVisible = 0;
			defaultConfigurationName = Release;
		};
		B799022F1CBD14EE006B5152 /* Build configuration list for PBXNativeTarget "TouchTracker" */ = {
			isa = XCConfigurationList;
			buildConfigurations = (
				B79902301CBD14EE006B5152 /* Debug */,
				B79902311CBD14EE006B5152 /* Release */,
			);
			defaultConfigurationIsVisible = 0;
		};
		B79902321CBD14EE006B5152 /* Build configuration list for PBXNativeTarget "TouchTrackerTests" */ = {
			isa = XCConfigurationList;
			buildConfigurations = (
				B79902331CBD14EE006B5152 /* Debug */,
				B79902341CBD14EE006B5152 /* Release */,
			);
			defaultConfigurationIsVisible = 0;
		};
/* End XCConfigurationList section */
	};
	rootObject = B79901FB1CBD14ED006B5152 /* Project object */;
}
